
Microsoft Visual Studio Solution File, Format Version 12.00
# Visual Studio Version 16
VisualStudioVersion = 25.0.1704.0
MinimumVisualStudioVersion = 10.0.40219.1
Project("{FAE04EC0-301F-11D3-BF4B-00C04F79EFBC}") = "Find&Register", "Find&Register\Find&Register.csproj", "{FF3F9C38-7614-4DE8-B6DC-501258D6561C}"
EndProject
Project("{FAE04EC0-301F-11D3-BF4B-00C04F79EFBC}") = "FindAndRegisterUnitTests", "Find&RegisterTest\FindAndRegisterUnitTests.csproj", "{A2882891-9977-4469-8A10-6515CCA12521}"
EndProject
Project("{FAE04EC0-301F-11D3-BF4B-00C04F79EFBC}") = "FindAndRegisterIntegrationTests", "FindAndRegisterIntegrationTests\FindAndRegisterIntegrationTests.csproj", "{B8D1127C-EE40-42E1-ACA1-6A4FAE65F8BA}"
EndProject
Global
	GlobalSection(SolutionConfigurationPlatforms) = preSolution
		Debug|Any CPU = Debug|Any CPU
		Release|Any CPU = Release|Any CPU
	EndGlobalSection
	GlobalSection(ProjectConfigurationPlatforms) = postSolution
		{FF3F9C38-7614-4DE8-B6DC-501258D6561C}.Debug|Any CPU.ActiveCfg = Debug|Any CPU
		{FF3F9C38-7614-4DE8-B6DC-501258D6561C}.Debug|Any CPU.Build.0 = Debug|Any CPU
		{FF3F9C38-7614-4DE8-B6DC-501258D6561C}.Release|Any CPU.ActiveCfg = Release|Any CPU
		{FF3F9C38-7614-4DE8-B6DC-501258D6561C}.Release|Any CPU.Build.0 = Release|Any CPU
		{A2882891-9977-4469-8A10-6515CCA12521}.Debug|Any CPU.ActiveCfg = Debug|Any CPU
		{A2882891-9977-4469-8A10-6515CCA12521}.Debug|Any CPU.Build.0 = Debug|Any CPU
		{A2882891-9977-4469-8A10-6515CCA12521}.Release|Any CPU.ActiveCfg = Release|Any CPU
		{A2882891-9977-4469-8A10-6515CCA12521}.Release|Any CPU.Build.0 = Release|Any CPU
		{B8D1127C-EE40-42E1-ACA1-6A4FAE65F8BA}.Debug|Any CPU.ActiveCfg = Debug|Any CPU
		{B8D1127C-EE40-42E1-ACA1-6A4FAE65F8BA}.Debug|Any CPU.Build.0 = Debug|Any CPU
		{B8D1127C-EE40-42E1-ACA1-6A4FAE65F8BA}.Release|Any CPU.ActiveCfg = Release|Any CPU
		{B8D1127C-EE40-42E1-ACA1-6A4FAE65F8BA}.Release|Any CPU.Build.0 = Release|Any CPU
	EndGlobalSection
	GlobalSection(SolutionProperties) = preSolution
		HideSolutionNode = FALSE
	EndGlobalSection
	GlobalSection(ExtensibilityGlobals) = postSolution
		SolutionGuid = {C55E8CE3-A1CB-40AD-AD84-44A983B64754}
	EndGlobalSection
EndGlobal
